<?xml version="1.0" encoding="utf-8"?>
<Project ToolsVersion="4.0" xmlns="http://schemas.microsoft.com/developer/msbuild/2003">
  <ItemGroup>
    <Filter Include="Core">
      <UniqueIdentifier>{9494f307-c1ec-49c3-b3a2-e8bd3267d84e}</UniqueIdentifier>
    </Filter>
    <Filter Include="Core\Window">
      <UniqueIdentifier>{a3d208ce-c616-4e32-9d2d-f8e8825c59cf}</UniqueIdentifier>
    </Filter>
    <Filter Include="include">
      <UniqueIdentifier>{1d2eb2cb-c2cc-41b4-af6d-395b05f55a04}</UniqueIdentifier>
    </Filter>
    <Filter Include="Component">
      <UniqueIdentifier>{473dfab2-3e7d-432d-8e69-65aa99f48c29}</UniqueIdentifier>
    </Filter>
    <Filter Include="Core\GPU">
      <UniqueIdentifier>{271e5bd2-7cb3-40b7-b2e5-5e343c58f910}</UniqueIdentifier>
    </Filter>
    <Filter Include="Laboratoare">
      <UniqueIdentifier>{a73d11aa-9a42-4f7c-ba61-adefedb1e0cf}</UniqueIdentifier>
    </Filter>
    <Filter Include="Core\Managers">
      <UniqueIdentifier>{2940a1fd-9fef-46a7-93fb-a8241118d00a}</UniqueIdentifier>
    </Filter>
    <Filter Include="Laboratoare\Tema3">
      <UniqueIdentifier>{6dba9317-425d-4930-9b64-afaa727cedba}</UniqueIdentifier>
    </Filter>
    <Filter Include="Laboratoare\Tema3\Shaders">
      <UniqueIdentifier>{ce1b656d-309e-4355-8c85-fb3240635777}</UniqueIdentifier>
    </Filter>
    <Filter Include="Laboratoare\Laborator9">
      <UniqueIdentifier>{bfa930ee-d13b-41b8-a1df-584c439521a6}</UniqueIdentifier>
    </Filter>
    <Filter Include="Laboratoare\Laborator9\Shaders">
      <UniqueIdentifier>{8121c152-b274-4f50-be29-8ddeefff4f38}</UniqueIdentifier>
    </Filter>
    <Filter Include="Laboratoare\Laborator9\Textures">
      <UniqueIdentifier>{46991961-ce4c-4cad-87b3-a37b597c9e87}</UniqueIdentifier>
    </Filter>
    <Filter Include="Laboratoare\Tema3\Textures">
      <UniqueIdentifier>{5067ff71-4d68-4b1b-8445-961da917774d}</UniqueIdentifier>
    </Filter>
  </ItemGroup>
  <ItemGroup>
    <ClCompile Include="..\Source\Core\Engine.cpp">
      <Filter>Core</Filter>
    </ClCompile>
    <ClCompile Include="..\Source\Core\World.cpp">
      <Filter>Core</Filter>
    </ClCompile>
    <ClCompile Include="..\Source\include\gl.cpp">
      <Filter>include</Filter>
    </ClCompile>
    <ClCompile Include="..\Source\Core\Window\WindowObject.cpp">
      <Filter>Core\Window</Filter>
    </ClCompile>
    <ClCompile Include="..\Source\Core\GPU\Shader.cpp">
      <Filter>Core\GPU</Filter>
    </ClCompile>
    <ClCompile Include="..\Source\Main.cpp" />
    <ClCompile Include="..\Source\Core\Window\WindowCallbacks.cpp">
      <Filter>Core\Window</Filter>
    </ClCompile>
    <ClCompile Include="..\Source\Core\GPU\Mesh.cpp">
      <Filter>Core\GPU</Filter>
    </ClCompile>
    <ClCompile Include="..\Source\Core\GPU\Texture2D.cpp">
      <Filter>Core\GPU</Filter>
    </ClCompile>
    <ClCompile Include="..\Source\Core\Managers\TextureManager.cpp">
      <Filter>Core\Managers</Filter>
    </ClCompile>
    <ClCompile Include="..\Source\Component\CameraInput.cpp">
      <Filter>Component</Filter>
    </ClCompile>
    <ClCompile Include="..\Source\Core\Window\InputController.cpp">
      <Filter>Core\Window</Filter>
    </ClCompile>
    <ClCompile Include="..\Source\Component\SimpleScene.cpp">
      <Filter>Component</Filter>
    </ClCompile>
    <ClCompile Include="..\Source\Core\GPU\GPUBuffers.cpp">
      <Filter>Core\GPU</Filter>
    </ClCompile>
    <ClCompile Include="..\Source\Component\SceneInput.cpp">
      <Filter>Component</Filter>
    </ClCompile>
    <ClCompile Include="..\Source\Laboratoare\Tema3\Tema3.cpp">
      <Filter>Laboratoare\Tema3</Filter>
    </ClCompile>
    <ClCompile Include="..\Source\Laboratoare\Laborator9\Laborator9.cpp">
      <Filter>Laboratoare\Laborator9</Filter>
    </ClCompile>
  </ItemGroup>
  <ItemGroup>
    <ClInclude Include="..\Source\Core\World.h">
      <Filter>Core</Filter>
    </ClInclude>
    <ClInclude Include="..\Source\Core\Engine.h">
      <Filter>Core</Filter>
    </ClInclude>
    <ClInclude Include="..\Source\include\gl.h">
      <Filter>include</Filter>
    </ClInclude>
    <ClInclude Include="..\Source\include\glm.h">
      <Filter>include</Filter>
    </ClInclude>
    <ClInclude Include="..\Source\include\math.h">
      <Filter>include</Filter>
    </ClInclude>
    <ClInclude Include="..\Source\include\utils.h">
      <Filter>include</Filter>
    </ClInclude>
    <ClInclude Include="..\Source\Core\Window\WindowObject.h">
      <Filter>Core\Window</Filter>
    </ClInclude>
    <ClInclude Include="..\Source\Core\GPU\Shader.h">
      <Filter>Core\GPU</Filter>
    </ClInclude>
    <ClInclude Include="..\Source\Core\Window\WindowCallbacks.h">
      <Filter>Core\Window</Filter>
    </ClInclude>
    <ClInclude Include="..\Source\Core\GPU\Mesh.h">
      <Filter>Core\GPU</Filter>
    </ClInclude>
    <ClInclude Include="..\Source\Core\GPU\Texture2D.h">
      <Filter>Core\GPU</Filter>
    </ClInclude>
    <ClInclude Include="..\Source\Laboratoare\LabList.h">
      <Filter>Laboratoare</Filter>
    </ClInclude>
    <ClInclude Include="..\Source\Core\Managers\ResourcePath.h">
      <Filter>Core\Managers</Filter>
    </ClInclude>
    <ClInclude Include="..\Source\Core\Managers\TextureManager.h">
      <Filter>Core\Managers</Filter>
    </ClInclude>
    <ClInclude Include="..\Source\Component\CameraInput.h">
      <Filter>Component</Filter>
    </ClInclude>
    <ClInclude Include="..\Source\Core\Window\InputController.h">
      <Filter>Core\Window</Filter>
    </ClInclude>
    <ClInclude Include="..\Source\Component\SimpleScene.h">
      <Filter>Component</Filter>
    </ClInclude>
    <ClInclude Include="..\Source\Core\GPU\GPUBuffers.h">
      <Filter>Core\GPU</Filter>
    </ClInclude>
    <ClInclude Include="..\Source\Component\SceneInput.h">
      <Filter>Component</Filter>
    </ClInclude>
    <ClInclude Include="..\Source\Laboratoare\Tema3\Camera.h">
      <Filter>Laboratoare\Tema3</Filter>
    </ClInclude>
    <ClInclude Include="..\Source\Laboratoare\Tema3\Tema3.h">
      <Filter>Laboratoare\Tema3</Filter>
    </ClInclude>
    <ClInclude Include="..\Source\Laboratoare\Laborator9\Laborator9.h">
      <Filter>Laboratoare\Laborator9</Filter>
    </ClInclude>
  </ItemGroup>
  <ItemGroup>
    <None Include="ClassDiagram.cd" />
    <None Include="ClassDiagram1.cd" />
    <None Include="..\Source\Laboratoare\Tema3\Shaders\FragmentShader.glsl">
      <Filter>Laboratoare\Tema3\Shaders</Filter>
    </None>
    <None Include="..\Source\Laboratoare\Tema3\Shaders\VertexShader.glsl">
      <Filter>Laboratoare\Tema3\Shaders</Filter>
    </None>
    <None Include="..\Source\Laboratoare\Laborator9\Shaders\FragmentShader.glsl">
      <Filter>Laboratoare\Laborator9\Shaders</Filter>
    </None>
    <None Include="..\Source\Laboratoare\Laborator9\Shaders\VertexShader.glsl">
      <Filter>Laboratoare\Laborator9\Shaders</Filter>
    </None>
  </ItemGroup>
  <ItemGroup>
    <Image Include="..\Source\Laboratoare\Laborator9\Textures\crate.jpg">
      <Filter>Laboratoare\Laborator9\Textures</Filter>
    </Image>
    <Image Include="..\Source\Laboratoare\Laborator9\Textures\earth.png">
      <Filter>Laboratoare\Laborator9\Textures</Filter>
    </Image>
    <Image Include="..\Source\Laboratoare\Laborator9\Textures\grass_bilboard.png">
      <Filter>Laboratoare\Laborator9\Textures</Filter>
    </Image>
    <Image Include="..\Source\Laboratoare\Tema3\Textures\heightmap.png">
      <Filter>Laboratoare\Tema3\Textures</Filter>
    </Image>
  </ItemGroup>
</Project>